# This file is automatically @generated by Cargo.
# It is not intended for manual editing.
[[package]]
name = "rlox"
version = "0.1.0"
dependencies = [
 "scanlex",
]

[[package]]
name = "scanlex"
version = "0.1.2"
source = "registry+https://github.com/rust-lang/crates.io-index"
checksum = "e6a2c84b697bc9496978f7457b17039a22b5d89c674964e8a480de4d5ddd55dc"
